// !$*UTF8*$!
{
	archiveVersion = 1;
	classes = {
	};
	objectVersion = 51;
	objects = {

/* Begin PBXBuildFile section */
		0D255A972680FE0000964913 /* AppDelegate.swift in Sources */ = {isa = PBXBuildFile; fileRef = 0D255A962680FE0000964913 /* AppDelegate.swift */; };
		0D255A992680FE0000964913 /* SceneDelegate.swift in Sources */ = {isa = PBXBuildFile; fileRef = 0D255A982680FE0000964913 /* SceneDelegate.swift */; };
		0D255A9B2680FE0000964913 /* ViewController.swift in Sources */ = {isa = PBXBuildFile; fileRef = 0D255A9A2680FE0000964913 /* ViewController.swift */; };
		0D255A9E2680FE0000964913 /* Main.storyboard in Resources */ = {isa = PBXBuildFile; fileRef = 0D255A9C2680FE0000964913 /* Main.storyboard */; };
		0D255AA02680FE0200964913 /* Assets.xcassets in Resources */ = {isa = PBXBuildFile; fileRef = 0D255A9F2680FE0200964913 /* Assets.xcassets */; };
		0D255AA32680FE0200964913 /* LaunchScreen.storyboard in Resources */ = {isa = PBXBuildFile; fileRef = 0D255AA12680FE0200964913 /* LaunchScreen.storyboard */; };
		0D6860CE268102AE004A52C2 /* Constants.swift in Sources */ = {isa = PBXBuildFile; fileRef = 0D6860CD268102AE004A52C2 /* Constants.swift */; };
		0D6860D02681041D004A52C2 /* WebService.swift in Sources */ = {isa = PBXBuildFile; fileRef = 0D6860CF2681041D004A52C2 /* WebService.swift */; };
		0D6860D2268104E7004A52C2 /* AcroModel.swift in Sources */ = {isa = PBXBuildFile; fileRef = 0D6860D1268104E7004A52C2 /* AcroModel.swift */; };
		0D6860D6268121DF004A52C2 /* AcronymDetailsTableView.swift in Sources */ = {isa = PBXBuildFile; fileRef = 0D6860D5268121DF004A52C2 /* AcronymDetailsTableView.swift */; };
		0D7E56F4268AA12F00CF1D3E /* AcroTests.swift in Sources */ = {isa = PBXBuildFile; fileRef = 0D7E56F3268AA12F00CF1D3E /* AcroTests.swift */; };
		0DB183EC2688EDF000B5A581 /* DetailCell.swift in Sources */ = {isa = PBXBuildFile; fileRef = 0DB183EB2688EDF000B5A581 /* DetailCell.swift */; };
		4168A1B926AF702200491108 /* AcroViewModel.swift in Sources */ = {isa = PBXBuildFile; fileRef = 4168A1B826AF702200491108 /* AcroViewModel.swift */; };
		606EF9EAAE16DA1AF971B8A8 /* Pods_Ali_Acro.framework in Frameworks */ = {isa = PBXBuildFile; fileRef = 8D1D4FAA5C072986F308CBF4 /* Pods_Ali_Acro.framework */; };
		82A82FEC43BC67850E3306D7 /* Pods_Ali_AcroTests.framework in Frameworks */ = {isa = PBXBuildFile; fileRef = A3E21BA9F846FFA5EDD311A7 /* Pods_Ali_AcroTests.framework */; };
		A0806ECAE305A3D2368B2827 /* Pods_Ali_Acro.framework in Frameworks */ = {isa = PBXBuildFile; fileRef = 8D1D4FAA5C072986F308CBF4 /* Pods_Ali_Acro.framework */; };
/* End PBXBuildFile section */

/* Begin PBXContainerItemProxy section */
		0D255AAA2680FE0200964913 /* PBXContainerItemProxy */ = {
			isa = PBXContainerItemProxy;
			containerPortal = 0D255A8B2680FE0000964913 /* Project object */;
			proxyType = 1;
			remoteGlobalIDString = 0D255A922680FE0000964913;
			remoteInfo = "Ali Acro";
		};
/* End PBXContainerItemProxy section */

/* Begin PBXFileReference section */
		0D255A932680FE0000964913 /* Ali Acro.app */ = {isa = PBXFileReference; explicitFileType = wrapper.application; includeInIndex = 0; path = "Ali Acro.app"; sourceTree = BUILT_PRODUCTS_DIR; };
		0D255A962680FE0000964913 /* AppDelegate.swift */ = {isa = PBXFileReference; lastKnownFileType = sourcecode.swift; path = AppDelegate.swift; sourceTree = "<group>"; };
		0D255A982680FE0000964913 /* SceneDelegate.swift */ = {isa = PBXFileReference; lastKnownFileType = sourcecode.swift; path = SceneDelegate.swift; sourceTree = "<group>"; };
		0D255A9A2680FE0000964913 /* ViewController.swift */ = {isa = PBXFileReference; lastKnownFileType = sourcecode.swift; path = ViewController.swift; sourceTree = "<group>"; };
		0D255A9D2680FE0000964913 /* Base */ = {isa = PBXFileReference; lastKnownFileType = file.storyboard; name = Base; path = Base.lproj/Main.storyboard; sourceTree = "<group>"; };
		0D255A9F2680FE0200964913 /* Assets.xcassets */ = {isa = PBXFileReference; lastKnownFileType = folder.assetcatalog; path = Assets.xcassets; sourceTree = "<group>"; };
		0D255AA22680FE0200964913 /* Base */ = {isa = PBXFileReference; lastKnownFileType = file.storyboard; name = Base; path = Base.lproj/LaunchScreen.storyboard; sourceTree = "<group>"; };
		0D255AA42680FE0200964913 /* Info.plist */ = {isa = PBXFileReference; lastKnownFileType = text.plist.xml; path = Info.plist; sourceTree = "<group>"; };
		0D255AA92680FE0200964913 /* Ali AcroTests.xctest */ = {isa = PBXFileReference; explicitFileType = wrapper.cfbundle; includeInIndex = 0; path = "Ali AcroTests.xctest"; sourceTree = BUILT_PRODUCTS_DIR; };
		0D6860CD268102AE004A52C2 /* Constants.swift */ = {isa = PBXFileReference; lastKnownFileType = sourcecode.swift; path = Constants.swift; sourceTree = "<group>"; };
		0D6860CF2681041D004A52C2 /* WebService.swift */ = {isa = PBXFileReference; lastKnownFileType = sourcecode.swift; path = WebService.swift; sourceTree = "<group>"; };
		0D6860D1268104E7004A52C2 /* AcroModel.swift */ = {isa = PBXFileReference; lastKnownFileType = sourcecode.swift; path = AcroModel.swift; sourceTree = "<group>"; };
		0D6860D426810FBC004A52C2 /* en */ = {isa = PBXFileReference; lastKnownFileType = text.plist.strings; name = en; path = en.lproj/Main.strings; sourceTree = "<group>"; };
		0D6860D5268121DF004A52C2 /* AcronymDetailsTableView.swift */ = {isa = PBXFileReference; lastKnownFileType = sourcecode.swift; path = AcronymDetailsTableView.swift; sourceTree = "<group>"; };
		0D7E56F3268AA12F00CF1D3E /* AcroTests.swift */ = {isa = PBXFileReference; lastKnownFileType = sourcecode.swift; path = AcroTests.swift; sourceTree = "<group>"; };
		0DB183EB2688EDF000B5A581 /* DetailCell.swift */ = {isa = PBXFileReference; lastKnownFileType = sourcecode.swift; path = DetailCell.swift; sourceTree = "<group>"; };
		2FA3E8D0D24BE609CD5443C7 /* Pods-Ali AcroTests.release.xcconfig */ = {isa = PBXFileReference; includeInIndex = 1; lastKnownFileType = text.xcconfig; name = "Pods-Ali AcroTests.release.xcconfig"; path = "Target Support Files/Pods-Ali AcroTests/Pods-Ali AcroTests.release.xcconfig"; sourceTree = "<group>"; };
		4168A1B826AF702200491108 /* AcroViewModel.swift */ = {isa = PBXFileReference; lastKnownFileType = sourcecode.swift; path = AcroViewModel.swift; sourceTree = "<group>"; };
		468A41F58E7689F586ACA569 /* Pods_Ali_Acro_Ali_AcroUITests.framework */ = {isa = PBXFileReference; explicitFileType = wrapper.framework; includeInIndex = 0; path = Pods_Ali_Acro_Ali_AcroUITests.framework; sourceTree = BUILT_PRODUCTS_DIR; };
		7256A9342C9ADE75BE9602C4 /* Pods-Ali Acro-Ali AcroUITests.debug.xcconfig */ = {isa = PBXFileReference; includeInIndex = 1; lastKnownFileType = text.xcconfig; name = "Pods-Ali Acro-Ali AcroUITests.debug.xcconfig"; path = "Target Support Files/Pods-Ali Acro-Ali AcroUITests/Pods-Ali Acro-Ali AcroUITests.debug.xcconfig"; sourceTree = "<group>"; };
		80B99002E49481562D066F59 /* Pods-Ali AcroTests.debug.xcconfig */ = {isa = PBXFileReference; includeInIndex = 1; lastKnownFileType = text.xcconfig; name = "Pods-Ali AcroTests.debug.xcconfig"; path = "Target Support Files/Pods-Ali AcroTests/Pods-Ali AcroTests.debug.xcconfig"; sourceTree = "<group>"; };
		8D1D4FAA5C072986F308CBF4 /* Pods_Ali_Acro.framework */ = {isa = PBXFileReference; explicitFileType = wrapper.framework; includeInIndex = 0; path = Pods_Ali_Acro.framework; sourceTree = BUILT_PRODUCTS_DIR; };
		9930A125BC9E2E8D65421304 /* Pods-Ali Acro-Ali AcroUITests.release.xcconfig */ = {isa = PBXFileReference; includeInIndex = 1; lastKnownFileType = text.xcconfig; name = "Pods-Ali Acro-Ali AcroUITests.release.xcconfig"; path = "Target Support Files/Pods-Ali Acro-Ali AcroUITests/Pods-Ali Acro-Ali AcroUITests.release.xcconfig"; sourceTree = "<group>"; };
		9A65EA0488DAA300B9DDC77C /* Pods-Ali Acro Tests.debug.xcconfig */ = {isa = PBXFileReference; includeInIndex = 1; lastKnownFileType = text.xcconfig; name = "Pods-Ali Acro Tests.debug.xcconfig"; path = "Target Support Files/Pods-Ali Acro Tests/Pods-Ali Acro Tests.debug.xcconfig"; sourceTree = "<group>"; };
		A3E21BA9F846FFA5EDD311A7 /* Pods_Ali_AcroTests.framework */ = {isa = PBXFileReference; explicitFileType = wrapper.framework; includeInIndex = 0; path = Pods_Ali_AcroTests.framework; sourceTree = BUILT_PRODUCTS_DIR; };
		AA62CF0831A017088F357A28 /* Pods_Ali_Acro_Tests.framework */ = {isa = PBXFileReference; explicitFileType = wrapper.framework; includeInIndex = 0; path = Pods_Ali_Acro_Tests.framework; sourceTree = BUILT_PRODUCTS_DIR; };
		F07D5EAAAA733A2837CD392E /* Pods-Ali Acro.debug.xcconfig */ = {isa = PBXFileReference; includeInIndex = 1; lastKnownFileType = text.xcconfig; name = "Pods-Ali Acro.debug.xcconfig"; path = "Target Support Files/Pods-Ali Acro/Pods-Ali Acro.debug.xcconfig"; sourceTree = "<group>"; };
		F62C41207E47D83924B147B3 /* Pods-Ali Acro.release.xcconfig */ = {isa = PBXFileReference; includeInIndex = 1; lastKnownFileType = text.xcconfig; name = "Pods-Ali Acro.release.xcconfig"; path = "Target Support Files/Pods-Ali Acro/Pods-Ali Acro.release.xcconfig"; sourceTree = "<group>"; };
		FE269134EE2B555761680E41 /* Pods-Ali Acro Tests.release.xcconfig */ = {isa = PBXFileReference; includeInIndex = 1; lastKnownFileType = text.xcconfig; name = "Pods-Ali Acro Tests.release.xcconfig"; path = "Target Support Files/Pods-Ali Acro Tests/Pods-Ali Acro Tests.release.xcconfig"; sourceTree = "<group>"; };
/* End PBXFileReference section */

/* Begin PBXFrameworksBuildPhase section */
		0D255A902680FE0000964913 /* Frameworks */ = {
			isa = PBXFrameworksBuildPhase;
			buildActionMask = 2147483647;
			files = (
				A0806ECAE305A3D2368B2827 /* Pods_Ali_Acro.framework in Frameworks */,
				606EF9EAAE16DA1AF971B8A8 /* Pods_Ali_Acro.framework in Frameworks */,
			);
			runOnlyForDeploymentPostprocessing = 0;
		};
		0D255AA62680FE0200964913 /* Frameworks */ = {
			isa = PBXFrameworksBuildPhase;
			buildActionMask = 2147483647;
			files = (
				82A82FEC43BC67850E3306D7 /* Pods_Ali_AcroTests.framework in Frameworks */,
			);
			runOnlyForDeploymentPostprocessing = 0;
		};
/* End PBXFrameworksBuildPhase section */

/* Begin PBXGroup section */
		0D255A8A2680FE0000964913 = {
			isa = PBXGroup;
			children = (
				0D255A952680FE0000964913 /* Ali Acro */,
				0D7E56F2268AA0C700CF1D3E /* AcroTests */,
				0D255A942680FE0000964913 /* Products */,
				261BC0E1B29C12E7E84D7625 /* Pods */,
				7FEE1D95E9D05DF3AED510D0 /* Frameworks */,
			);
			sourceTree = "<group>";
		};
		0D255A942680FE0000964913 /* Products */ = {
			isa = PBXGroup;
			children = (
				0D255A932680FE0000964913 /* Ali Acro.app */,
				0D255AA92680FE0200964913 /* Ali AcroTests.xctest */,
			);
			name = Products;
			sourceTree = "<group>";
		};
		0D255A952680FE0000964913 /* Ali Acro */ = {
			isa = PBXGroup;
			children = (
				0D255ACC2680FFE100964913 /* General */,
				0D255ACA2680FF9600964913 /* Model */,
				4168A1B726AF700C00491108 /* ViewModel */,
				0D255AC92680FF9000964913 /* View */,
				0D255AC82680FF8900964913 /* Controllers */,
				0D255AC72680FF7100964913 /* Networking */,
				0D255AC62680FF5600964913 /* Utilities */,
				0D255AA42680FE0200964913 /* Info.plist */,
			);
			path = "Ali Acro";
			sourceTree = "<group>";
		};
		0D255AC62680FF5600964913 /* Utilities */ = {
			isa = PBXGroup;
			children = (
				0D6860CD268102AE004A52C2 /* Constants.swift */,
			);
			path = Utilities;
			sourceTree = "<group>";
		};
		0D255AC72680FF7100964913 /* Networking */ = {
			isa = PBXGroup;
			children = (
				0D6860CF2681041D004A52C2 /* WebService.swift */,
			);
			path = Networking;
			sourceTree = "<group>";
		};
		0D255AC82680FF8900964913 /* Controllers */ = {
			isa = PBXGroup;
			children = (
				0D255A9A2680FE0000964913 /* ViewController.swift */,
				0D6860D5268121DF004A52C2 /* AcronymDetailsTableView.swift */,
			);
			path = Controllers;
			sourceTree = "<group>";
		};
		0D255AC92680FF9000964913 /* View */ = {
			isa = PBXGroup;
			children = (
				0D255A9C2680FE0000964913 /* Main.storyboard */,
				0D255AA12680FE0200964913 /* LaunchScreen.storyboard */,
				0DB183EB2688EDF000B5A581 /* DetailCell.swift */,
			);
			path = View;
			sourceTree = "<group>";
		};
		0D255ACA2680FF9600964913 /* Model */ = {
			isa = PBXGroup;
			children = (
				0D6860D1268104E7004A52C2 /* AcroModel.swift */,
			);
			path = Model;
			sourceTree = "<group>";
		};
		0D255ACC2680FFE100964913 /* General */ = {
			isa = PBXGroup;
			children = (
				0D255A9F2680FE0200964913 /* Assets.xcassets */,
				0D255A962680FE0000964913 /* AppDelegate.swift */,
				0D255A982680FE0000964913 /* SceneDelegate.swift */,
			);
			path = General;
			sourceTree = "<group>";
		};
		0D7E56F2268AA0C700CF1D3E /* AcroTests */ = {
			isa = PBXGroup;
			children = (
				0D7E56F3268AA12F00CF1D3E /* AcroTests.swift */,
			);
			path = AcroTests;
			sourceTree = "<group>";
		};
		261BC0E1B29C12E7E84D7625 /* Pods */ = {
			isa = PBXGroup;
			children = (
				7256A9342C9ADE75BE9602C4 /* Pods-Ali Acro-Ali AcroUITests.debug.xcconfig */,
				9930A125BC9E2E8D65421304 /* Pods-Ali Acro-Ali AcroUITests.release.xcconfig */,
				80B99002E49481562D066F59 /* Pods-Ali AcroTests.debug.xcconfig */,
				2FA3E8D0D24BE609CD5443C7 /* Pods-Ali AcroTests.release.xcconfig */,
				F07D5EAAAA733A2837CD392E /* Pods-Ali Acro.debug.xcconfig */,
				F62C41207E47D83924B147B3 /* Pods-Ali Acro.release.xcconfig */,
				9A65EA0488DAA300B9DDC77C /* Pods-Ali Acro Tests.debug.xcconfig */,
				FE269134EE2B555761680E41 /* Pods-Ali Acro Tests.release.xcconfig */,
			);
			path = Pods;
			sourceTree = "<group>";
		};
		4168A1B726AF700C00491108 /* ViewModel */ = {
			isa = PBXGroup;
			children = (
				4168A1B826AF702200491108 /* AcroViewModel.swift */,
			);
			path = ViewModel;
			sourceTree = "<group>";
		};
		7FEE1D95E9D05DF3AED510D0 /* Frameworks */ = {
			isa = PBXGroup;
			children = (
				8D1D4FAA5C072986F308CBF4 /* Pods_Ali_Acro.framework */,
				468A41F58E7689F586ACA569 /* Pods_Ali_Acro_Ali_AcroUITests.framework */,
				A3E21BA9F846FFA5EDD311A7 /* Pods_Ali_AcroTests.framework */,
				AA62CF0831A017088F357A28 /* Pods_Ali_Acro_Tests.framework */,
			);
			name = Frameworks;
			sourceTree = "<group>";
		};
/* End PBXGroup section */

/* Begin PBXNativeTarget section */
		0D255A922680FE0000964913 /* Ali Acro */ = {
			isa = PBXNativeTarget;
			buildConfigurationList = 0D255ABD2680FE0200964913 /* Build configuration list for PBXNativeTarget "Ali Acro" */;
			buildPhases = (
				23E126F702772697DF952544 /* [CP] Check Pods Manifest.lock */,
				0D255A8F2680FE0000964913 /* Sources */,
				0D255A902680FE0000964913 /* Frameworks */,
				0D255A912680FE0000964913 /* Resources */,
			);
			buildRules = (
			);
			dependencies = (
			);
			name = "Ali Acro";
			productName = "Ali Acro";
			productReference = 0D255A932680FE0000964913 /* Ali Acro.app */;
			productType = "com.apple.product-type.application";
		};
		0D255AA82680FE0200964913 /* Ali AcroTests */ = {
			isa = PBXNativeTarget;
			buildConfigurationList = 0D255AC02680FE0200964913 /* Build configuration list for PBXNativeTarget "Ali AcroTests" */;
			buildPhases = (
				BD759F1781067B73585AF658 /* [CP] Check Pods Manifest.lock */,
				0D255AA52680FE0200964913 /* Sources */,
				0D255AA62680FE0200964913 /* Frameworks */,
				0D255AA72680FE0200964913 /* Resources */,
				67EA20422A65F3F7C401D5BC /* [CP] Embed Pods Frameworks */,
			);
			buildRules = (
			);
			dependencies = (
				0D255AAB2680FE0200964913 /* PBXTargetDependency */,
			);
			name = "Ali AcroTests";
			productName = "Ali AcroTests";
			productReference = 0D255AA92680FE0200964913 /* Ali AcroTests.xctest */;
			productType = "com.apple.product-type.bundle.unit-test";
		};
/* End PBXNativeTarget section */

/* Begin PBXProject section */
		0D255A8B2680FE0000964913 /* Project object */ = {
			isa = PBXProject;
			attributes = {
				LastSwiftUpdateCheck = 1250;
				LastUpgradeCheck = 1250;
				TargetAttributes = {
					0D255A922680FE0000964913 = {
						CreatedOnToolsVersion = 12.5;
					};
					0D255AA82680FE0200964913 = {
						CreatedOnToolsVersion = 12.5;
						TestTargetID = 0D255A922680FE0000964913;
					};
				};
			};
			buildConfigurationList = 0D255A8E2680FE0000964913 /* Build configuration list for PBXProject "Ali Acro" */;
			compatibilityVersion = "Xcode 9.3";
			developmentRegion = en;
			hasScannedForEncodings = 0;
			knownRegions = (
				en,
				Base,
			);
			mainGroup = 0D255A8A2680FE0000964913;
			productRefGroup = 0D255A942680FE0000964913 /* Products */;
			projectDirPath = "";
			projectRoot = "";
			targets = (
				0D255A922680FE0000964913 /* Ali Acro */,
				0D255AA82680FE0200964913 /* Ali AcroTests */,
			);
		};
/* End PBXProject section */

/* Begin PBXResourcesBuildPhase section */
		0D255A912680FE0000964913 /* Resources */ = {
			isa = PBXResourcesBuildPhase;
			buildActionMask = 2147483647;
			files = (
				0D255AA32680FE0200964913 /* LaunchScreen.storyboard in Resources */,
				0D255AA02680FE0200964913 /* Assets.xcassets in Resources */,
				0D255A9E2680FE0000964913 /* Main.storyboard in Resources */,
			);
			runOnlyForDeploymentPostprocessing = 0;
		};
		0D255AA72680FE0200964913 /* Resources */ = {
			isa = PBXResourcesBuildPhase;
			buildActionMask = 2147483647;
			files = (
			);
			runOnlyForDeploymentPostprocessing = 0;
		};
/* End PBXResourcesBuildPhase section */

/* Begin PBXShellScriptBuildPhase section */
		23E126F702772697DF952544 /* [CP] Check Pods Manifest.lock */ = {
			isa = PBXShellScriptBuildPhase;
			buildActionMask = 2147483647;
			files = (
			);
			inputFileListPaths = (
			);
			inputPaths = (
				"${PODS_PODFILE_DIR_PATH}/Podfile.lock",
				"${PODS_ROOT}/Manifest.lock",
			);
			name = "[CP] Check Pods Manifest.lock";
			outputFileListPaths = (
			);
			outputPaths = (
				"$(DERIVED_FILE_DIR)/Pods-Ali Acro-checkManifestLockResult.txt",
			);
			runOnlyForDeploymentPostprocessing = 0;
			shellPath = /bin/sh;
			shellScript = "diff \"${PODS_PODFILE_DIR_PATH}/Podfile.lock\" \"${PODS_ROOT}/Manifest.lock\" > /dev/null\nif [ $? != 0 ] ; then\n    # print error to STDERR\n    echo \"error: The sandbox is not in sync with the Podfile.lock. Run 'pod install' or update your CocoaPods installation.\" >&2\n    exit 1\nfi\n# This output is used by Xcode 'outputs' to avoid re-running this script phase.\necho \"SUCCESS\" > \"${SCRIPT_OUTPUT_FILE_0}\"\n";
			showEnvVarsInLog = 0;
		};
		67EA20422A65F3F7C401D5BC /* [CP] Embed Pods Frameworks */ = {
			isa = PBXShellScriptBuildPhase;
			buildActionMask = 2147483647;
			files = (
			);
			inputFileListPaths = (
				"${PODS_ROOT}/Target Support Files/Pods-Ali AcroTests/Pods-Ali AcroTests-frameworks-${CONFIGURATION}-input-files.xcfilelist",
			);
			name = "[CP] Embed Pods Frameworks";
			outputFileListPaths = (
				"${PODS_ROOT}/Target Support Files/Pods-Ali AcroTests/Pods-Ali AcroTests-frameworks-${CONFIGURATION}-output-files.xcfilelist",
			);
			runOnlyForDeploymentPostprocessing = 0;
			shellPath = /bin/sh;
			shellScript = "\"${PODS_ROOT}/Target Support Files/Pods-Ali AcroTests/Pods-Ali AcroTests-frameworks.sh\"\n";
			showEnvVarsInLog = 0;
		};
		BD759F1781067B73585AF658 /* [CP] Check Pods Manifest.lock */ = {
			isa = PBXShellScriptBuildPhase;
			buildActionMask = 2147483647;
			files = (
			);
			inputFileListPaths = (
			);
			inputPaths = (
				"${PODS_PODFILE_DIR_PATH}/Podfile.lock",
				"${PODS_ROOT}/Manifest.lock",
			);
			name = "[CP] Check Pods Manifest.lock";
			outputFileListPaths = (
			);
			outputPaths = (
				"$(DERIVED_FILE_DIR)/Pods-Ali AcroTests-checkManifestLockResult.txt",
			);
			runOnlyForDeploymentPostprocessing = 0;
			shellPath = /bin/sh;
			shellScript = "diff \"${PODS_PODFILE_DIR_PATH}/Podfile.lock\" \"${PODS_ROOT}/Manifest.lock\" > /dev/null\nif [ $? != 0 ] ; then\n    # print error to STDERR\n    echo \"error: The sandbox is not in sync with the Podfile.lock. Run 'pod install' or update your CocoaPods installation.\" >&2\n    exit 1\nfi\n# This output is used by Xcode 'outputs' to avoid re-running this script phase.\necho \"SUCCESS\" > \"${SCRIPT_OUTPUT_FILE_0}\"\n";
			showEnvVarsInLog = 0;
		};
/* End PBXShellScriptBuildPhase section */

/* Begin PBXSourcesBuildPhase section */
		0D255A8F2680FE0000964913 /* Sources */ = {
			isa = PBXSourcesBuildPhase;
			buildActionMask = 2147483647;
			files = (
				0D6860D2268104E7004A52C2 /* AcroModel.swift in Sources */,
				0D255A9B2680FE0000964913 /* ViewController.swift in Sources */,
				0D255A972680FE0000964913 /* AppDelegate.swift in Sources */,
				0D6860D6268121DF004A52C2 /* AcronymDetailsTableView.swift in Sources */,
				4168A1B926AF702200491108 /* AcroViewModel.swift in Sources */,
				0D6860CE268102AE004A52C2 /* Constants.swift in Sources */,
				0D255A992680FE0000964913 /* SceneDelegate.swift in Sources */,
				0DB183EC2688EDF000B5A581 /* DetailCell.swift in Sources */,
				0D6860D02681041D004A52C2 /* WebService.swift in Sources */,
			);
			runOnlyForDeploymentPostprocessing = 0;
		};
		0D255AA52680FE0200964913 /* Sources */ = {
			isa = PBXSourcesBuildPhase;
			buildActionMask = 2147483647;
			files = (
				0D7E56F4268AA12F00CF1D3E /* AcroTests.swift in Sources */,
			);
			runOnlyForDeploymentPostprocessing = 0;
		};
/* End PBXSourcesBuildPhase section */

/* Begin PBXTargetDependency section */
		0D255AAB2680FE0200964913 /* PBXTargetDependency */ = {
			isa = PBXTargetDependency;
			target = 0D255A922680FE0000964913 /* Ali Acro */;
			targetProxy = 0D255AAA2680FE0200964913 /* PBXContainerItemProxy */;
		};
/* End PBXTargetDependency section */

/* Begin PBXVariantGroup section */
		0D255A9C2680FE0000964913 /* Main.storyboard */ = {
			isa = PBXVariantGroup;
			children = (
				0D255A9D2680FE0000964913 /* Base */,
				0D6860D426810FBC004A52C2 /* en */,
			);
			name = Main.storyboard;
			sourceTree = "<group>";
		};
		0D255AA12680FE0200964913 /* LaunchScreen.storyboard */ = {
			isa = PBXVariantGroup;
			children = (
				0D255AA22680FE0200964913 /* Base */,
			);
			name = LaunchScreen.storyboard;
			sourceTree = "<group>";
		};
/* End PBXVariantGroup section */

/* Begin XCBuildConfiguration section */
		0D255ABB2680FE0200964913 /* Debug */ = {
			isa = XCBuildConfiguration;
			buildSettings = {
				ALWAYS_SEARCH_USER_PATHS = NO;
				CLANG_ANALYZER_NONNULL = YES;
				CLANG_ANALYZER_NUMBER_OBJECT_CONVERSION = YES_AGGRESSIVE;
				CLANG_CXX_LANGUAGE_STANDARD = "gnu++14";
				CLANG_CXX_LIBRARY = "libc++";
				CLANG_ENABLE_MODULES = YES;
				CLANG_ENABLE_OBJC_ARC = YES;
				CLANG_ENABLE_OBJC_WEAK = YES;
				CLANG_WARN_BLOCK_CAPTURE_AUTORELEASING = YES;
				CLANG_WARN_BOOL_CONVERSION = YES;
				CLANG_WARN_COMMA = YES;
				CLANG_WARN_CONSTANT_CONVERSION = YES;
				CLANG_WARN_DEPRECATED_OBJC_IMPLEMENTATIONS = YES;
				CLANG_WARN_DIRECT_OBJC_ISA_USAGE = YES_ERROR;
				CLANG_WARN_DOCUMENTATION_COMMENTS = YES;
				CLANG_WARN_EMPTY_BODY = YES;
				CLANG_WARN_ENUM_CONVERSION = YES;
				CLANG_WARN_INFINITE_RECURSION = YES;
				CLANG_WARN_INT_CONVERSION = YES;
				CLANG_WARN_NON_LITERAL_NULL_CONVERSION = YES;
				CLANG_WARN_OBJC_IMPLICIT_RETAIN_SELF = YES;
				CLANG_WARN_OBJC_LITERAL_CONVERSION = YES;
				CLANG_WARN_OBJC_ROOT_CLASS = YES_ERROR;
				CLANG_WARN_QUOTED_INCLUDE_IN_FRAMEWORK_HEADER = YES;
				CLANG_WARN_RANGE_LOOP_ANALYSIS = YES;
				CLANG_WARN_STRICT_PROTOTYPES = YES;
				CLANG_WARN_SUSPICIOUS_MOVE = YES;
				CLANG_WARN_UNGUARDED_AVAILABILITY = YES_AGGRESSIVE;
				CLANG_WARN_UNREACHABLE_CODE = YES;
				CLANG_WARN__DUPLICATE_METHOD_MATCH = YES;
				COPY_PHASE_STRIP = NO;
				DEBUG_INFORMATION_FORMAT = dwarf;
				ENABLE_STRICT_OBJC_MSGSEND = YES;
				ENABLE_TESTABILITY = YES;
				GCC_C_LANGUAGE_STANDARD = gnu11;
				GCC_DYNAMIC_NO_PIC = NO;
				GCC_NO_COMMON_BLOCKS = YES;
				GCC_OPTIMIZATION_LEVEL = 0;
				GCC_PREPROCESSOR_DEFINITIONS = (
					"DEBUG=1",
					"$(inherited)",
				);
				GCC_WARN_64_TO_32_BIT_CONVERSION = YES;
				GCC_WARN_ABOUT_RETURN_TYPE = YES_ERROR;
				GCC_WARN_UNDECLARED_SELECTOR = YES;
				GCC_WARN_UNINITIALIZED_AUTOS = YES_AGGRESSIVE;
				GCC_WARN_UNUSED_FUNCTION = YES;
				GCC_WARN_UNUSED_VARIABLE = YES;
				IPHONEOS_DEPLOYMENT_TARGET = 14.5;
				MTL_ENABLE_DEBUG_INFO = INCLUDE_SOURCE;
				MTL_FAST_MATH = YES;
				ONLY_ACTIVE_ARCH = YES;
				SDKROOT = iphoneos;
				SWIFT_ACTIVE_COMPILATION_CONDITIONS = DEBUG;
				SWIFT_OPTIMIZATION_LEVEL = "-Onone";
			};
			name = Debug;
		};
		0D255ABC2680FE0200964913 /* Release */ = {
			isa = XCBuildConfiguration;
			buildSettings = {
				ALWAYS_SEARCH_USER_PATHS = NO;
				CLANG_ANALYZER_NONNULL = YES;
				CLANG_ANALYZER_NUMBER_OBJECT_CONVERSION = YES_AGGRESSIVE;
				CLANG_CXX_LANGUAGE_STANDARD = "gnu++14";
				CLANG_CXX_LIBRARY = "libc++";
				CLANG_ENABLE_MODULES = YES;
				CLANG_ENABLE_OBJC_ARC = YES;
				CLANG_ENABLE_OBJC_WEAK = YES;
				CLANG_WARN_BLOCK_CAPTURE_AUTORELEASING = YES;
				CLANG_WARN_BOOL_CONVERSION = YES;
				CLANG_WARN_COMMA = YES;
				CLANG_WARN_CONSTANT_CONVERSION = YES;
				CLANG_WARN_DEPRECATED_OBJC_IMPLEMENTATIONS = YES;
				CLANG_WARN_DIRECT_OBJC_ISA_USAGE = YES_ERROR;
				CLANG_WARN_DOCUMENTATION_COMMENTS = YES;
				CLANG_WARN_EMPTY_BODY = YES;
				CLANG_WARN_ENUM_CONVERSION = YES;
				CLANG_WARN_INFINITE_RECURSION = YES;
				CLANG_WARN_INT_CONVERSION = YES;
				CLANG_WARN_NON_LITERAL_NULL_CONVERSION = YES;
				CLANG_WARN_OBJC_IMPLICIT_RETAIN_SELF = YES;
				CLANG_WARN_OBJC_LITERAL_CONVERSION = YES;
				CLANG_WARN_OBJC_ROOT_CLASS = YES_ERROR;
				CLANG_WARN_QUOTED_INCLUDE_IN_FRAMEWORK_HEADER = YES;
				CLANG_WARN_RANGE_LOOP_ANALYSIS = YES;
				CLANG_WARN_STRICT_PROTOTYPES = YES;
				CLANG_WARN_SUSPICIOUS_MOVE = YES;
				CLANG_WARN_UNGUARDED_AVAILABILITY = YES_AGGRESSIVE;
				CLANG_WARN_UNREACHABLE_CODE = YES;
				CLANG_WARN__DUPLICATE_METHOD_MATCH = YES;
				COPY_PHASE_STRIP = NO;
				DEBUG_INFORMATION_FORMAT = "dwarf-with-dsym";
				ENABLE_NS_ASSERTIONS = NO;
				ENABLE_STRICT_OBJC_MSGSEND = YES;
				GCC_C_LANGUAGE_STANDARD = gnu11;
				GCC_NO_COMMON_BLOCKS = YES;
				GCC_WARN_64_TO_32_BIT_CONVERSION = YES;
				GCC_WARN_ABOUT_RETURN_TYPE = YES_ERROR;
				GCC_WARN_UNDECLARED_SELECTOR = YES;
				GCC_WARN_UNINITIALIZED_AUTOS = YES_AGGRESSIVE;
				GCC_WARN_UNUSED_FUNCTION = YES;
				GCC_WARN_UNUSED_VARIABLE = YES;
				IPHONEOS_DEPLOYMENT_TARGET = 14.5;
				MTL_ENABLE_DEBUG_INFO = NO;
				MTL_FAST_MATH = YES;
				SDKROOT = iphoneos;
				SWIFT_COMPILATION_MODE = wholemodule;
				SWIFT_OPTIMIZATION_LEVEL = "-O";
				VALIDATE_PRODUCT = YES;
			};
			name = Release;
		};
		0D255ABE2680FE0200964913 /* Debug */ = {
			isa = XCBuildConfiguration;
			baseConfigurationReference = F07D5EAAAA733A2837CD392E /* Pods-Ali Acro.debug.xcconfig */;
			buildSettings = {
				ASSETCATALOG_COMPILER_APPICON_NAME = AppIcon;
				ASSETCATALOG_COMPILER_GLOBAL_ACCENT_COLOR_NAME = AccentColor;
				CODE_SIGN_STYLE = Automatic;
				DEVELOPMENT_TEAM = S3XJHG6MBP;
				INFOPLIST_FILE = "Ali Acro/Info.plist";
				LD_RUNPATH_SEARCH_PATHS = (
					"$(inherited)",
					"@executable_path/Frameworks",
				);
				PRODUCT_BUNDLE_IDENTIFIER = "AliAhmadian.Ali-Acro";
				PRODUCT_NAME = "$(TARGET_NAME)";
				SWIFT_VERSION = 5.0;
				TARGETED_DEVICE_FAMILY = 1;
			};
			name = Debug;
		};
		0D255ABF2680FE0200964913 /* Release */ = {
			isa = XCBuildConfiguration;
			baseConfigurationReference = F62C41207E47D83924B147B3 /* Pods-Ali Acro.release.xcconfig */;
			buildSettings = {
				ASSETCATALOG_COMPILER_APPICON_NAME = AppIcon;
				ASSETCATALOG_COMPILER_GLOBAL_ACCENT_COLOR_NAME = AccentColor;
				CODE_SIGN_STYLE = Automatic;
				DEVELOPMENT_TEAM = S3XJHG6MBP;
				INFOPLIST_FILE = "Ali Acro/Info.plist";
				LD_RUNPATH_SEARCH_PATHS = (
					"$(inherited)",
					"@executable_path/Frameworks",
				);
				PRODUCT_BUNDLE_IDENTIFIER = "AliAhmadian.Ali-Acro";
				PRODUCT_NAME = "$(TARGET_NAME)";
				SWIFT_VERSION = 5.0;
				TARGETED_DEVICE_FAMILY = 1;
			};
			name = Release;
		};
		0D255AC12680FE0200964913 /* Debug */ = {
			isa = XCBuildConfiguration;
			baseConfigurationReference = 80B99002E49481562D066F59 /* Pods-Ali AcroTests.debug.xcconfig */;
			buildSettings = {
				ALWAYS_EMBED_SWIFT_STANDARD_LIBRARIES = YES;
				BUNDLE_LOADER = "$(TEST_HOST)";
				CODE_SIGN_STYLE = Automatic;
				DEVELOPMENT_TEAM = S3XJHG6MBP;
				INFOPLIST_FILE = "Ali AcroTests/Info.plist";
				IPHONEOS_DEPLOYMENT_TARGET = 14.5;
				LD_RUNPATH_SEARCH_PATHS = (
					"$(inherited)",
					"@executable_path/Frameworks",
					"@loader_path/Frameworks",
				);
				PRODUCT_BUNDLE_IDENTIFIER = "AliAhmadian.Ali-AcroTests";
				PRODUCT_NAME = "$(TARGET_NAME)";
				SWIFT_VERSION = 5.0;
				TARGETED_DEVICE_FAMILY = "1,2";
				TEST_HOST = "$(BUILT_PRODUCTS_DIR)/Ali Acro.app/Ali Acro";
			};
			name = Debug;
		};
		0D255AC22680FE0200964913 /* Release */ = {
			isa = XCBuildConfiguration;
			baseConfigurationReference = 2FA3E8D0D24BE609CD5443C7 /* Pods-Ali AcroTests.release.xcconfig */;
			buildSettings = {
				ALWAYS_EMBED_SWIFT_STANDARD_LIBRARIES = YES;
				BUNDLE_LOADER = "$(TEST_HOST)";
				CODE_SIGN_STYLE = Automatic;
				DEVELOPMENT_TEAM = S3XJHG6MBP;
				INFOPLIST_FILE = "Ali AcroTests/Info.plist";
				IPHONEOS_DEPLOYMENT_TARGET = 14.5;
				LD_RUNPATH_SEARCH_PATHS = (
					"$(inherited)",
					"@executable_path/Frameworks",
					"@loader_path/Frameworks",
				);
				PRODUCT_BUNDLE_IDENTIFIER = "AliAhmadian.Ali-AcroTests";
				PRODUCT_NAME = "$(TARGET_NAME)";
				SWIFT_VERSION = 5.0;
				TARGETED_DEVICE_FAMILY = "1,2";
				TEST_HOST = "$(BUILT_PRODUCTS_DIR)/Ali Acro.app/Ali Acro";
			};
			name = Release;
		};
/* End XCBuildConfiguration section */

/* Begin XCConfigurationList section */
		0D255A8E2680FE0000964913 /* Build configuration list for PBXProject "Ali Acro" */ = {
			isa = XCConfigurationList;
			buildConfigurations = (
				0D255ABB2680FE0200964913 /* Debug */,
				0D255ABC2680FE0200964913 /* Release */,
			);
			defaultConfigurationIsVisible = 0;
			defaultConfigurationName = Release;
		};
		0D255ABD2680FE0200964913 /* Build configuration list for PBXNativeTarget "Ali Acro" */ = {
			isa = XCConfigurationList;
			buildConfigurations = (
				0D255ABE2680FE0200964913 /* Debug */,
				0D255ABF2680FE0200964913 /* Release */,
			);
			defaultConfigurationIsVisible = 0;
			defaultConfigurationName = Release;
		};
		0D255AC02680FE0200964913 /* Build configuration list for PBXNativeTarget "Ali AcroTests" */ = {
			isa = XCConfigurationList;
			buildConfigurations = (
				0D255AC12680FE0200964913 /* Debug */,
				0D255AC22680FE0200964913 /* Release */,
			);
			defaultConfigurationIsVisible = 0;
			defaultConfigurationName = Release;
		};
/* End XCConfigurationList section */
	};
	rootObject = 0D255A8B2680FE0000964913 /* Project object */;
}
